// !$*UTF8*$!
{
	archiveVersion = 1;
	classes = {
	};
	objectVersion = 60;
	objects = {

/* Begin PBXBuildFile section */
		2C2C32E32C185E550044C09E /* Sidebar.swift in Sources */ = {isa = PBXBuildFile; fileRef = 2C2C32E02C185E550044C09E /* Sidebar.swift */; };
		2C2C32ED2C18614E0044C09E /* DavsContacts in Frameworks */ = {isa = PBXBuildFile; productRef = 2C2C32EC2C18614E0044C09E /* DavsContacts */; };
		2C3F2DC12C187E7A00991500 /* AppNavigation.swift in Sources */ = {isa = PBXBuildFile; fileRef = 2C3F2DC02C187E7A00991500 /* AppNavigation.swift */; };
		2C7A9A1C2C179BC500AD8DF7 /* DavsApp.swift in Sources */ = {isa = PBXBuildFile; fileRef = 2C7A9A1B2C179BC500AD8DF7 /* DavsApp.swift */; };
		2C7A9A1E2C179BC500AD8DF7 /* ContentView.swift in Sources */ = {isa = PBXBuildFile; fileRef = 2C7A9A1D2C179BC500AD8DF7 /* ContentView.swift */; };
		2C7A9A222C179BC600AD8DF7 /* Assets.xcassets in Resources */ = {isa = PBXBuildFile; fileRef = 2C7A9A212C179BC600AD8DF7 /* Assets.xcassets */; };
		2C7A9A262C179BC600AD8DF7 /* Preview Assets.xcassets in Resources */ = {isa = PBXBuildFile; fileRef = 2C7A9A252C179BC600AD8DF7 /* Preview Assets.xcassets */; };
		2C7A9A302C179BC600AD8DF7 /* DavsTests.swift in Sources */ = {isa = PBXBuildFile; fileRef = 2C7A9A2F2C179BC600AD8DF7 /* DavsTests.swift */; };
		2CD6E6E22C1854580021207C /* Localizable.xcstrings in Resources */ = {isa = PBXBuildFile; fileRef = 2CD6E6E12C1854580021207C /* Localizable.xcstrings */; };
/* End PBXBuildFile section */

/* Begin PBXContainerItemProxy section */
		2C7A9A2C2C179BC600AD8DF7 /* PBXContainerItemProxy */ = {
			isa = PBXContainerItemProxy;
			containerPortal = 2C7A9A102C179BC500AD8DF7 /* Project object */;
			proxyType = 1;
			remoteGlobalIDString = 2C7A9A172C179BC500AD8DF7;
			remoteInfo = Davs;
		};
/* End PBXContainerItemProxy section */

/* Begin PBXFileReference section */
		2C2C32E02C185E550044C09E /* Sidebar.swift */ = {isa = PBXFileReference; lastKnownFileType = sourcecode.swift; path = Sidebar.swift; sourceTree = "<group>"; };
		2C2C32E82C185F0A0044C09E /* Features */ = {isa = PBXFileReference; lastKnownFileType = wrapper; path = Features; sourceTree = "<group>"; };
		2C3F2DC02C187E7A00991500 /* AppNavigation.swift */ = {isa = PBXFileReference; lastKnownFileType = sourcecode.swift; path = AppNavigation.swift; sourceTree = "<group>"; };
		2C3F2DC22C18819E00991500 /* Networking */ = {isa = PBXFileReference; lastKnownFileType = wrapper; path = Networking; sourceTree = "<group>"; };
		2C7A9A182C179BC500AD8DF7 /* Davs.app */ = {isa = PBXFileReference; explicitFileType = wrapper.application; includeInIndex = 0; path = Davs.app; sourceTree = BUILT_PRODUCTS_DIR; };
		2C7A9A1B2C179BC500AD8DF7 /* DavsApp.swift */ = {isa = PBXFileReference; lastKnownFileType = sourcecode.swift; path = DavsApp.swift; sourceTree = "<group>"; };
		2C7A9A1D2C179BC500AD8DF7 /* ContentView.swift */ = {isa = PBXFileReference; lastKnownFileType = sourcecode.swift; path = ContentView.swift; sourceTree = "<group>"; };
		2C7A9A212C179BC600AD8DF7 /* Assets.xcassets */ = {isa = PBXFileReference; lastKnownFileType = folder.assetcatalog; path = Assets.xcassets; sourceTree = "<group>"; };
		2C7A9A232C179BC600AD8DF7 /* Davs.entitlements */ = {isa = PBXFileReference; lastKnownFileType = text.plist.entitlements; path = Davs.entitlements; sourceTree = "<group>"; };
		2C7A9A252C179BC600AD8DF7 /* Preview Assets.xcassets */ = {isa = PBXFileReference; lastKnownFileType = folder.assetcatalog; path = "Preview Assets.xcassets"; sourceTree = "<group>"; };
		2C7A9A2B2C179BC600AD8DF7 /* DavsTests.xctest */ = {isa = PBXFileReference; explicitFileType = wrapper.cfbundle; includeInIndex = 0; path = DavsTests.xctest; sourceTree = BUILT_PRODUCTS_DIR; };
		2C7A9A2F2C179BC600AD8DF7 /* DavsTests.swift */ = {isa = PBXFileReference; lastKnownFileType = sourcecode.swift; path = DavsTests.swift; sourceTree = "<group>"; };
		2CD6E6D52C184DEC0021207C /* Davs.xctestplan */ = {isa = PBXFileReference; lastKnownFileType = text; path = Davs.xctestplan; sourceTree = "<group>"; };
		2CD6E6E12C1854580021207C /* Localizable.xcstrings */ = {isa = PBXFileReference; lastKnownFileType = text.json.xcstrings; path = Localizable.xcstrings; sourceTree = "<group>"; };
/* End PBXFileReference section */

/* Begin PBXFrameworksBuildPhase section */
		2C7A9A152C179BC500AD8DF7 /* Frameworks */ = {
			isa = PBXFrameworksBuildPhase;
			buildActionMask = 2147483647;
			files = (
				2C2C32ED2C18614E0044C09E /* DavsContacts in Frameworks */,
			);
			runOnlyForDeploymentPostprocessing = 0;
		};
		2C7A9A282C179BC600AD8DF7 /* Frameworks */ = {
			isa = PBXFrameworksBuildPhase;
			buildActionMask = 2147483647;
			files = (
			);
			runOnlyForDeploymentPostprocessing = 0;
		};
/* End PBXFrameworksBuildPhase section */

/* Begin PBXGroup section */
		2C2C32E12C185E550044C09E /* SupportedViews */ = {
			isa = PBXGroup;
			children = (
				2C2C32E02C185E550044C09E /* Sidebar.swift */,
			);
			path = SupportedViews;
			sourceTree = "<group>";
		};
		2C2C32E52C185E7D0044C09E /* Views */ = {
			isa = PBXGroup;
			children = (
				2C2C32E12C185E550044C09E /* SupportedViews */,
			);
			path = Views;
			sourceTree = "<group>";
		};
		2C2C32E62C185EAA0044C09E /* Modules */ = {
			isa = PBXGroup;
			children = (
				2C2C32E82C185F0A0044C09E /* Features */,
				2C3F2DC22C18819E00991500 /* Networking */,
			);
			path = Modules;
			sourceTree = "<group>";
		};
		2C2C32E92C1860BA0044C09E /* Frameworks */ = {
			isa = PBXGroup;
			children = (
			);
			name = Frameworks;
			sourceTree = "<group>";
		};
		2C3F2DBE2C187E5500991500 /* Navigation */ = {
			isa = PBXGroup;
			children = (
				2C3F2DC02C187E7A00991500 /* AppNavigation.swift */,
			);
			path = Navigation;
			sourceTree = "<group>";
		};
		2C7A9A0F2C179BC500AD8DF7 = {
			isa = PBXGroup;
			children = (
				2C7A9A1A2C179BC500AD8DF7 /* Davs */,
				2C7A9A2E2C179BC600AD8DF7 /* DavsTests */,
				2C2C32E92C1860BA0044C09E /* Frameworks */,
				2C2C32E62C185EAA0044C09E /* Modules */,
				2C7A9A192C179BC500AD8DF7 /* Products */,
			);
			sourceTree = "<group>";
		};
		2C7A9A192C179BC500AD8DF7 /* Products */ = {
			isa = PBXGroup;
			children = (
				2C7A9A182C179BC500AD8DF7 /* Davs.app */,
				2C7A9A2B2C179BC600AD8DF7 /* DavsTests.xctest */,
			);
			name = Products;
			sourceTree = "<group>";
		};
		2C7A9A1A2C179BC500AD8DF7 /* Davs */ = {
			isa = PBXGroup;
			children = (
				2C7A9A232C179BC600AD8DF7 /* Davs.entitlements */,
				2C7A9A1D2C179BC500AD8DF7 /* ContentView.swift */,
				2C7A9A1B2C179BC500AD8DF7 /* DavsApp.swift */,
				2C7A9A212C179BC600AD8DF7 /* Assets.xcassets */,
				2CD6E6E12C1854580021207C /* Localizable.xcstrings */,
				2C3F2DBE2C187E5500991500 /* Navigation */,
				2C7A9A242C179BC600AD8DF7 /* Preview Content */,
				2C2C32E52C185E7D0044C09E /* Views */,
			);
			path = Davs;
			sourceTree = "<group>";
		};
		2C7A9A242C179BC600AD8DF7 /* Preview Content */ = {
			isa = PBXGroup;
			children = (
				2C7A9A252C179BC600AD8DF7 /* Preview Assets.xcassets */,
			);
			path = "Preview Content";
			sourceTree = "<group>";
		};
		2C7A9A2E2C179BC600AD8DF7 /* DavsTests */ = {
			isa = PBXGroup;
			children = (
				2CD6E6D52C184DEC0021207C /* Davs.xctestplan */,
				2C7A9A2F2C179BC600AD8DF7 /* DavsTests.swift */,
			);
			path = DavsTests;
			sourceTree = "<group>";
		};
/* End PBXGroup section */

/* Begin PBXNativeTarget section */
		2C7A9A172C179BC500AD8DF7 /* Davs */ = {
			isa = PBXNativeTarget;
			buildConfigurationList = 2C7A9A3F2C179BC600AD8DF7 /* Build configuration list for PBXNativeTarget "Davs" */;
			buildPhases = (
				2C7A9A142C179BC500AD8DF7 /* Sources */,
				2C7A9A152C179BC500AD8DF7 /* Frameworks */,
				2C7A9A162C179BC500AD8DF7 /* Resources */,
			);
			buildRules = (
			);
			dependencies = (
			);
			name = Davs;
			packageProductDependencies = (
				2C2C32EC2C18614E0044C09E /* DavsContacts */,
			);
			productName = Davs;
			productReference = 2C7A9A182C179BC500AD8DF7 /* Davs.app */;
			productType = "com.apple.product-type.application";
		};
		2C7A9A2A2C179BC600AD8DF7 /* DavsTests */ = {
			isa = PBXNativeTarget;
			buildConfigurationList = 2C7A9A422C179BC600AD8DF7 /* Build configuration list for PBXNativeTarget "DavsTests" */;
			buildPhases = (
				2C7A9A272C179BC600AD8DF7 /* Sources */,
				2C7A9A282C179BC600AD8DF7 /* Frameworks */,
				2C7A9A292C179BC600AD8DF7 /* Resources */,
			);
			buildRules = (
			);
			dependencies = (
				2C7A9A2D2C179BC600AD8DF7 /* PBXTargetDependency */,
			);
			name = DavsTests;
			productName = DavsTests;
			productReference = 2C7A9A2B2C179BC600AD8DF7 /* DavsTests.xctest */;
			productType = "com.apple.product-type.bundle.unit-test";
		};
/* End PBXNativeTarget section */

/* Begin PBXProject section */
		2C7A9A102C179BC500AD8DF7 /* Project object */ = {
			isa = PBXProject;
			attributes = {
				BuildIndependentTargetsInParallel = 1;
				LastSwiftUpdateCheck = 1600;
				LastUpgradeCheck = 1600;
				TargetAttributes = {
					2C7A9A172C179BC500AD8DF7 = {
						CreatedOnToolsVersion = 16.0;
					};
					2C7A9A2A2C179BC600AD8DF7 = {
						CreatedOnToolsVersion = 16.0;
						TestTargetID = 2C7A9A172C179BC500AD8DF7;
					};
				};
			};
			buildConfigurationList = 2C7A9A132C179BC500AD8DF7 /* Build configuration list for PBXProject "Davs" */;
			compatibilityVersion = "Xcode 15.0";
			developmentRegion = en;
			hasScannedForEncodings = 0;
			knownRegions = (
				en,
				Base,
			);
			mainGroup = 2C7A9A0F2C179BC500AD8DF7;
			packageReferences = (
				2CD6E6E72C1859270021207C /* XCRemoteSwiftPackageReference "KamaalSwift" */,
			);
			productRefGroup = 2C7A9A192C179BC500AD8DF7 /* Products */;
			projectDirPath = "";
			projectRoot = "";
			targets = (
				2C7A9A172C179BC500AD8DF7 /* Davs */,
				2C7A9A2A2C179BC600AD8DF7 /* DavsTests */,
			);
		};
/* End PBXProject section */

/* Begin PBXResourcesBuildPhase section */
		2C7A9A162C179BC500AD8DF7 /* Resources */ = {
			isa = PBXResourcesBuildPhase;
			buildActionMask = 2147483647;
			files = (
				2C7A9A262C179BC600AD8DF7 /* Preview Assets.xcassets in Resources */,
				2C7A9A222C179BC600AD8DF7 /* Assets.xcassets in Resources */,
				2CD6E6E22C1854580021207C /* Localizable.xcstrings in Resources */,
			);
			runOnlyForDeploymentPostprocessing = 0;
		};
		2C7A9A292C179BC600AD8DF7 /* Resources */ = {
			isa = PBXResourcesBuildPhase;
			buildActionMask = 2147483647;
			files = (
			);
			runOnlyForDeploymentPostprocessing = 0;
		};
/* End PBXResourcesBuildPhase section */

/* Begin PBXSourcesBuildPhase section */
		2C7A9A142C179BC500AD8DF7 /* Sources */ = {
			isa = PBXSourcesBuildPhase;
			buildActionMask = 2147483647;
			files = (
				2C2C32E32C185E550044C09E /* Sidebar.swift in Sources */,
				2C7A9A1E2C179BC500AD8DF7 /* ContentView.swift in Sources */,
				2C7A9A1C2C179BC500AD8DF7 /* DavsApp.swift in Sources */,
				2C3F2DC12C187E7A00991500 /* AppNavigation.swift in Sources */,
			);
			runOnlyForDeploymentPostprocessing = 0;
		};
		2C7A9A272C179BC600AD8DF7 /* Sources */ = {
			isa = PBXSourcesBuildPhase;
			buildActionMask = 2147483647;
			files = (
				2C7A9A302C179BC600AD8DF7 /* DavsTests.swift in Sources */,
			);
			runOnlyForDeploymentPostprocessing = 0;
		};
/* End PBXSourcesBuildPhase section */

/* Begin PBXTargetDependency section */
		2C7A9A2D2C179BC600AD8DF7 /* PBXTargetDependency */ = {
			isa = PBXTargetDependency;
			target = 2C7A9A172C179BC500AD8DF7 /* Davs */;
			targetProxy = 2C7A9A2C2C179BC600AD8DF7 /* PBXContainerItemProxy */;
		};
/* End PBXTargetDependency section */

/* Begin XCBuildConfiguration section */
		2C7A9A3D2C179BC600AD8DF7 /* Debug */ = {
			isa = XCBuildConfiguration;
			buildSettings = {
				ALWAYS_SEARCH_USER_PATHS = NO;
				ASSETCATALOG_COMPILER_GENERATE_SWIFT_ASSET_SYMBOL_EXTENSIONS = YES;
				CLANG_ANALYZER_NONNULL = YES;
				CLANG_ANALYZER_NUMBER_OBJECT_CONVERSION = YES_AGGRESSIVE;
				CLANG_CXX_LANGUAGE_STANDARD = "gnu++20";
				CLANG_ENABLE_MODULES = YES;
				CLANG_ENABLE_OBJC_ARC = YES;
				CLANG_ENABLE_OBJC_WEAK = YES;
				CLANG_WARN_BLOCK_CAPTURE_AUTORELEASING = YES;
				CLANG_WARN_BOOL_CONVERSION = YES;
				CLANG_WARN_COMMA = YES;
				CLANG_WARN_CONSTANT_CONVERSION = YES;
				CLANG_WARN_DEPRECATED_OBJC_IMPLEMENTATIONS = YES;
				CLANG_WARN_DIRECT_OBJC_ISA_USAGE = YES_ERROR;
				CLANG_WARN_DOCUMENTATION_COMMENTS = YES;
				CLANG_WARN_EMPTY_BODY = YES;
				CLANG_WARN_ENUM_CONVERSION = YES;
				CLANG_WARN_INFINITE_RECURSION = YES;
				CLANG_WARN_INT_CONVERSION = YES;
				CLANG_WARN_NON_LITERAL_NULL_CONVERSION = YES;
				CLANG_WARN_OBJC_IMPLICIT_RETAIN_SELF = YES;
				CLANG_WARN_OBJC_LITERAL_CONVERSION = YES;
				CLANG_WARN_OBJC_ROOT_CLASS = YES_ERROR;
				CLANG_WARN_QUOTED_INCLUDE_IN_FRAMEWORK_HEADER = YES;
				CLANG_WARN_RANGE_LOOP_ANALYSIS = YES;
				CLANG_WARN_STRICT_PROTOTYPES = YES;
				CLANG_WARN_SUSPICIOUS_MOVE = YES;
				CLANG_WARN_UNGUARDED_AVAILABILITY = YES_AGGRESSIVE;
				CLANG_WARN_UNREACHABLE_CODE = YES;
				CLANG_WARN__DUPLICATE_METHOD_MATCH = YES;
				COPY_PHASE_STRIP = NO;
				DEBUG_INFORMATION_FORMAT = dwarf;
				ENABLE_STRICT_OBJC_MSGSEND = YES;
				ENABLE_TESTABILITY = YES;
				ENABLE_USER_SCRIPT_SANDBOXING = YES;
				GCC_C_LANGUAGE_STANDARD = gnu17;
				GCC_DYNAMIC_NO_PIC = NO;
				GCC_NO_COMMON_BLOCKS = YES;
				GCC_OPTIMIZATION_LEVEL = 0;
				GCC_PREPROCESSOR_DEFINITIONS = (
					"DEBUG=1",
					"$(inherited)",
				);
				GCC_WARN_64_TO_32_BIT_CONVERSION = YES;
				GCC_WARN_ABOUT_RETURN_TYPE = YES_ERROR;
				GCC_WARN_UNDECLARED_SELECTOR = YES;
				GCC_WARN_UNINITIALIZED_AUTOS = YES_AGGRESSIVE;
				GCC_WARN_UNUSED_FUNCTION = YES;
				GCC_WARN_UNUSED_VARIABLE = YES;
				LOCALIZATION_PREFERS_STRING_CATALOGS = YES;
				MTL_ENABLE_DEBUG_INFO = INCLUDE_SOURCE;
				MTL_FAST_MATH = YES;
				ONLY_ACTIVE_ARCH = YES;
				SWIFT_ACTIVE_COMPILATION_CONDITIONS = "DEBUG $(inherited)";
				SWIFT_EMIT_LOC_STRINGS = YES;
				SWIFT_OPTIMIZATION_LEVEL = "-Onone";
			};
			name = Debug;
		};
		2C7A9A3E2C179BC600AD8DF7 /* Release */ = {
			isa = XCBuildConfiguration;
			buildSettings = {
				ALWAYS_SEARCH_USER_PATHS = NO;
				ASSETCATALOG_COMPILER_GENERATE_SWIFT_ASSET_SYMBOL_EXTENSIONS = YES;
				CLANG_ANALYZER_NONNULL = YES;
				CLANG_ANALYZER_NUMBER_OBJECT_CONVERSION = YES_AGGRESSIVE;
				CLANG_CXX_LANGUAGE_STANDARD = "gnu++20";
				CLANG_ENABLE_MODULES = YES;
				CLANG_ENABLE_OBJC_ARC = YES;
				CLANG_ENABLE_OBJC_WEAK = YES;
				CLANG_WARN_BLOCK_CAPTURE_AUTORELEASING = YES;
				CLANG_WARN_BOOL_CONVERSION = YES;
				CLANG_WARN_COMMA = YES;
				CLANG_WARN_CONSTANT_CONVERSION = YES;
				CLANG_WARN_DEPRECATED_OBJC_IMPLEMENTATIONS = YES;
				CLANG_WARN_DIRECT_OBJC_ISA_USAGE = YES_ERROR;
				CLANG_WARN_DOCUMENTATION_COMMENTS = YES;
				CLANG_WARN_EMPTY_BODY = YES;
				CLANG_WARN_ENUM_CONVERSION = YES;
				CLANG_WARN_INFINITE_RECURSION = YES;
				CLANG_WARN_INT_CONVERSION = YES;
				CLANG_WARN_NON_LITERAL_NULL_CONVERSION = YES;
				CLANG_WARN_OBJC_IMPLICIT_RETAIN_SELF = YES;
				CLANG_WARN_OBJC_LITERAL_CONVERSION = YES;
				CLANG_WARN_OBJC_ROOT_CLASS = YES_ERROR;
				CLANG_WARN_QUOTED_INCLUDE_IN_FRAMEWORK_HEADER = YES;
				CLANG_WARN_RANGE_LOOP_ANALYSIS = YES;
				CLANG_WARN_STRICT_PROTOTYPES = YES;
				CLANG_WARN_SUSPICIOUS_MOVE = YES;
				CLANG_WARN_UNGUARDED_AVAILABILITY = YES_AGGRESSIVE;
				CLANG_WARN_UNREACHABLE_CODE = YES;
				CLANG_WARN__DUPLICATE_METHOD_MATCH = YES;
				COPY_PHASE_STRIP = NO;
				DEBUG_INFORMATION_FORMAT = "dwarf-with-dsym";
				ENABLE_NS_ASSERTIONS = NO;
				ENABLE_STRICT_OBJC_MSGSEND = YES;
				ENABLE_USER_SCRIPT_SANDBOXING = YES;
				GCC_C_LANGUAGE_STANDARD = gnu17;
				GCC_NO_COMMON_BLOCKS = YES;
				GCC_WARN_64_TO_32_BIT_CONVERSION = YES;
				GCC_WARN_ABOUT_RETURN_TYPE = YES_ERROR;
				GCC_WARN_UNDECLARED_SELECTOR = YES;
				GCC_WARN_UNINITIALIZED_AUTOS = YES_AGGRESSIVE;
				GCC_WARN_UNUSED_FUNCTION = YES;
				GCC_WARN_UNUSED_VARIABLE = YES;
				LOCALIZATION_PREFERS_STRING_CATALOGS = YES;
				MTL_ENABLE_DEBUG_INFO = NO;
				MTL_FAST_MATH = YES;
				SWIFT_COMPILATION_MODE = wholemodule;
				SWIFT_EMIT_LOC_STRINGS = YES;
			};
			name = Release;
		};
		2C7A9A402C179BC600AD8DF7 /* Debug */ = {
			isa = XCBuildConfiguration;
			buildSettings = {
				ASSETCATALOG_COMPILER_APPICON_NAME = AppIcon;
				ASSETCATALOG_COMPILER_GLOBAL_ACCENT_COLOR_NAME = AccentColor;
				CODE_SIGN_ENTITLEMENTS = Davs/Davs.entitlements;
				CODE_SIGN_STYLE = Automatic;
				CURRENT_PROJECT_VERSION = 1;
				DEVELOPMENT_ASSET_PATHS = "\"Davs/Preview Content\"";
				DEVELOPMENT_TEAM = DXUKH9VF73;
				ENABLE_HARDENED_RUNTIME = YES;
				ENABLE_PREVIEWS = YES;
				GENERATE_INFOPLIST_FILE = YES;
				"INFOPLIST_KEY_UIApplicationSceneManifest_Generation[sdk=iphoneos*]" = YES;
				"INFOPLIST_KEY_UIApplicationSceneManifest_Generation[sdk=iphonesimulator*]" = YES;
				"INFOPLIST_KEY_UIApplicationSupportsIndirectInputEvents[sdk=iphoneos*]" = YES;
				"INFOPLIST_KEY_UIApplicationSupportsIndirectInputEvents[sdk=iphonesimulator*]" = YES;
				"INFOPLIST_KEY_UILaunchScreen_Generation[sdk=iphoneos*]" = YES;
				"INFOPLIST_KEY_UILaunchScreen_Generation[sdk=iphonesimulator*]" = YES;
				"INFOPLIST_KEY_UIStatusBarStyle[sdk=iphoneos*]" = UIStatusBarStyleDefault;
				"INFOPLIST_KEY_UIStatusBarStyle[sdk=iphonesimulator*]" = UIStatusBarStyleDefault;
				INFOPLIST_KEY_UISupportedInterfaceOrientations_iPad = "UIInterfaceOrientationPortrait UIInterfaceOrientationPortraitUpsideDown UIInterfaceOrientationLandscapeLeft UIInterfaceOrientationLandscapeRight";
				INFOPLIST_KEY_UISupportedInterfaceOrientations_iPhone = "UIInterfaceOrientationPortrait UIInterfaceOrientationLandscapeLeft UIInterfaceOrientationLandscapeRight";
				IPHONEOS_DEPLOYMENT_TARGET = 18.0;
				LD_RUNPATH_SEARCH_PATHS = "@executable_path/Frameworks";
				"LD_RUNPATH_SEARCH_PATHS[sdk=macosx*]" = "@executable_path/../Frameworks";
				MACOSX_DEPLOYMENT_TARGET = 15.0;
				MARKETING_VERSION = 1.0;
				PRODUCT_BUNDLE_IDENTIFIER = io.kamaal.Davs;
				PRODUCT_NAME = "$(TARGET_NAME)";
				SDKROOT = auto;
				SUPPORTED_PLATFORMS = "iphoneos iphonesimulator macosx xros xrsimulator";
				SWIFT_EMIT_LOC_STRINGS = YES;
				SWIFT_VERSION = 6.0;
				TARGETED_DEVICE_FAMILY = "1,2,7";
				XROS_DEPLOYMENT_TARGET = 2.0;
			};
			name = Debug;
		};
		2C7A9A412C179BC600AD8DF7 /* Release */ = {
			isa = XCBuildConfiguration;
			buildSettings = {
				ASSETCATALOG_COMPILER_APPICON_NAME = AppIcon;
				ASSETCATALOG_COMPILER_GLOBAL_ACCENT_COLOR_NAME = AccentColor;
				CODE_SIGN_ENTITLEMENTS = Davs/Davs.entitlements;
				CODE_SIGN_STYLE = Automatic;
				CURRENT_PROJECT_VERSION = 1;
				DEVELOPMENT_ASSET_PATHS = "\"Davs/Preview Content\"";
				DEVELOPMENT_TEAM = DXUKH9VF73;
				ENABLE_HARDENED_RUNTIME = YES;
				ENABLE_PREVIEWS = YES;
				GENERATE_INFOPLIST_FILE = YES;
				"INFOPLIST_KEY_UIApplicationSceneManifest_Generation[sdk=iphoneos*]" = YES;
				"INFOPLIST_KEY_UIApplicationSceneManifest_Generation[sdk=iphonesimulator*]" = YES;
				"INFOPLIST_KEY_UIApplicationSupportsIndirectInputEvents[sdk=iphoneos*]" = YES;
				"INFOPLIST_KEY_UIApplicationSupportsIndirectInputEvents[sdk=iphonesimulator*]" = YES;
				"INFOPLIST_KEY_UILaunchScreen_Generation[sdk=iphoneos*]" = YES;
				"INFOPLIST_KEY_UILaunchScreen_Generation[sdk=iphonesimulator*]" = YES;
				"INFOPLIST_KEY_UIStatusBarStyle[sdk=iphoneos*]" = UIStatusBarStyleDefault;
				"INFOPLIST_KEY_UIStatusBarStyle[sdk=iphonesimulator*]" = UIStatusBarStyleDefault;
				INFOPLIST_KEY_UISupportedInterfaceOrientations_iPad = "UIInterfaceOrientationPortrait UIInterfaceOrientationPortraitUpsideDown UIInterfaceOrientationLandscapeLeft UIInterfaceOrientationLandscapeRight";
				INFOPLIST_KEY_UISupportedInterfaceOrientations_iPhone = "UIInterfaceOrientationPortrait UIInterfaceOrientationLandscapeLeft UIInterfaceOrientationLandscapeRight";
				IPHONEOS_DEPLOYMENT_TARGET = 18.0;
				LD_RUNPATH_SEARCH_PATHS = "@executable_path/Frameworks";
				"LD_RUNPATH_SEARCH_PATHS[sdk=macosx*]" = "@executable_path/../Frameworks";
				MACOSX_DEPLOYMENT_TARGET = 15.0;
				MARKETING_VERSION = 1.0;
				PRODUCT_BUNDLE_IDENTIFIER = io.kamaal.Davs;
				PRODUCT_NAME = "$(TARGET_NAME)";
				SDKROOT = auto;
				SUPPORTED_PLATFORMS = "iphoneos iphonesimulator macosx xros xrsimulator";
				SWIFT_EMIT_LOC_STRINGS = YES;
				SWIFT_VERSION = 6.0;
				TARGETED_DEVICE_FAMILY = "1,2,7";
				XROS_DEPLOYMENT_TARGET = 2.0;
			};
			name = Release;
		};
		2C7A9A432C179BC600AD8DF7 /* Debug */ = {
			isa = XCBuildConfiguration;
			buildSettings = {
				BUNDLE_LOADER = "$(TEST_HOST)";
				CODE_SIGN_STYLE = Automatic;
				CURRENT_PROJECT_VERSION = 1;
				DEVELOPMENT_TEAM = DXUKH9VF73;
				GENERATE_INFOPLIST_FILE = YES;
				IPHONEOS_DEPLOYMENT_TARGET = 18.0;
				MACOSX_DEPLOYMENT_TARGET = 14.5;
				MARKETING_VERSION = 1.0;
				PRODUCT_BUNDLE_IDENTIFIER = io.kamaal.DavsTests;
				PRODUCT_NAME = "$(TARGET_NAME)";
				SDKROOT = auto;
				SUPPORTED_PLATFORMS = "iphoneos iphonesimulator macosx xros xrsimulator";
				SWIFT_EMIT_LOC_STRINGS = NO;
				SWIFT_VERSION = 5.0;
				TARGETED_DEVICE_FAMILY = "1,2,7";
				TEST_HOST = "$(BUILT_PRODUCTS_DIR)/Davs.app/$(BUNDLE_EXECUTABLE_FOLDER_PATH)/Davs";
				XROS_DEPLOYMENT_TARGET = 2.0;
			};
			name = Debug;
		};
		2C7A9A442C179BC600AD8DF7 /* Release */ = {
			isa = XCBuildConfiguration;
			buildSettings = {
				BUNDLE_LOADER = "$(TEST_HOST)";
				CODE_SIGN_STYLE = Automatic;
				CURRENT_PROJECT_VERSION = 1;
				DEVELOPMENT_TEAM = DXUKH9VF73;
				GENERATE_INFOPLIST_FILE = YES;
				IPHONEOS_DEPLOYMENT_TARGET = 18.0;
				MACOSX_DEPLOYMENT_TARGET = 14.5;
				MARKETING_VERSION = 1.0;
				PRODUCT_BUNDLE_IDENTIFIER = io.kamaal.DavsTests;
				PRODUCT_NAME = "$(TARGET_NAME)";
				SDKROOT = auto;
				SUPPORTED_PLATFORMS = "iphoneos iphonesimulator macosx xros xrsimulator";
				SWIFT_EMIT_LOC_STRINGS = NO;
				SWIFT_VERSION = 5.0;
				TARGETED_DEVICE_FAMILY = "1,2,7";
				TEST_HOST = "$(BUILT_PRODUCTS_DIR)/Davs.app/$(BUNDLE_EXECUTABLE_FOLDER_PATH)/Davs";
				XROS_DEPLOYMENT_TARGET = 2.0;
			};
			name = Release;
		};
/* End XCBuildConfiguration section */

/* Begin XCConfigurationList section */
		2C7A9A132C179BC500AD8DF7 /* Build configuration list for PBXProject "Davs" */ = {
			isa = XCConfigurationList;
			buildConfigurations = (
				2C7A9A3D2C179BC600AD8DF7 /* Debug */,
				2C7A9A3E2C179BC600AD8DF7 /* Release */,
			);
			defaultConfigurationIsVisible = 0;
			defaultConfigurationName = Release;
		};
		2C7A9A3F2C179BC600AD8DF7 /* Build configuration list for PBXNativeTarget "Davs" */ = {
			isa = XCConfigurationList;
			buildConfigurations = (
				2C7A9A402C179BC600AD8DF7 /* Debug */,
				2C7A9A412C179BC600AD8DF7 /* Release */,
			);
			defaultConfigurationIsVisible = 0;
			defaultConfigurationName = Release;
		};
		2C7A9A422C179BC600AD8DF7 /* Build configuration list for PBXNativeTarget "DavsTests" */ = {
			isa = XCConfigurationList;
			buildConfigurations = (
				2C7A9A432C179BC600AD8DF7 /* Debug */,
				2C7A9A442C179BC600AD8DF7 /* Release */,
			);
			defaultConfigurationIsVisible = 0;
			defaultConfigurationName = Release;
		};
/* End XCConfigurationList section */

/* Begin XCRemoteSwiftPackageReference section */
		2CD6E6E72C1859270021207C /* XCRemoteSwiftPackageReference "KamaalSwift" */ = {
			isa = XCRemoteSwiftPackageReference;
			repositoryURL = "https://github.com/Kamaalio/KamaalSwift.git";
			requirement = {
				kind = upToNextMajorVersion;
				minimumVersion = 2.3.1;
			};
		};
/* End XCRemoteSwiftPackageReference section */

/* Begin XCSwiftPackageProductDependency section */
		2C2C32EC2C18614E0044C09E /* DavsContacts */ = {
			isa = XCSwiftPackageProductDependency;
			productName = DavsContacts;
		};
/* End XCSwiftPackageProductDependency section */
	};
	rootObject = 2C7A9A102C179BC500AD8DF7 /* Project object */;
}
